<?xml version="1.0" encoding="utf-8"?>
<Project ToolsVersion="4.0" xmlns="http://schemas.microsoft.com/developer/msbuild/2003">
  <ItemGroup>
    <Filter Include="Source Files">
      <UniqueIdentifier>{4FC737F1-C7A5-4376-A066-2A32D752A2FF}</UniqueIdentifier>
      <Extensions>cpp;c;cc;cxx;def;odl;idl;hpj;bat;asm;asmx</Extensions>
    </Filter>
    <Filter Include="Generation">
      <UniqueIdentifier>{49d1e000-fa58-48a5-9df6-e924ac3bc747}</UniqueIdentifier>
    </Filter>
    <Filter Include="Simulation">
      <UniqueIdentifier>{cff4aa4d-6b06-4feb-9a58-ca6551513902}</UniqueIdentifier>
    </Filter>
    <Filter Include="Sharing">
      <UniqueIdentifier>{5634a09e-b500-4cd3-92d2-18a31722aefe}</UniqueIdentifier>
    </Filter>
    <Filter Include="Common">
      <UniqueIdentifier>{1c57e392-9602-488d-b8c1-7ea701db92ca}</UniqueIdentifier>
    </Filter>
    <Filter Include="Simulation\Mechanics">
      <UniqueIdentifier>{50805d68-ede1-4db7-a5d6-80cb2ebea815}</UniqueIdentifier>
    </Filter>
    <Filter Include="File I/O">
      <UniqueIdentifier>{fb7de985-e133-4a20-84de-369516903c32}</UniqueIdentifier>
    </Filter>
    <Filter Include="Handle Input">
      <UniqueIdentifier>{8489c3b3-b6e3-4fd6-a771-31ae76e7d8cc}</UniqueIdentifier>
    </Filter>
    <Filter Include="Debugging">
      <UniqueIdentifier>{cda72208-5e92-4832-be92-b04c32c2e290}</UniqueIdentifier>
    </Filter>
    <Filter Include="Debugging\Embedded Quality Assurance">
      <UniqueIdentifier>{9a5a2418-3819-4eb2-8ef1-31df00d75227}</UniqueIdentifier>
    </Filter>
    <Filter Include="Debugging\Embedded Quality Assurance\Validation_Tests">
      <UniqueIdentifier>{a012a004-73d0-4944-aca7-af56f964724d}</UniqueIdentifier>
    </Filter>
  </ItemGroup>
  <ItemGroup>
    <ClCompile Include="Main.cpp">
      <Filter>Source Files</Filter>
    </ClCompile>
    <ClCompile Include="Sharing.cpp">
      <Filter>Sharing</Filter>
    </ClCompile>
    <ClCompile Include="Generation.cpp">
      <Filter>Generation</Filter>
    </ClCompile>
    <ClCompile Include="Simulation_Controller.cpp">
      <Filter>Simulation</Filter>
    </ClCompile>
    <ClCompile Include="Solution.cpp">
      <Filter>Common</Filter>
    </ClCompile>
    <ClCompile Include="Atom.cpp">
      <Filter>Common</Filter>
    </ClCompile>
    <ClCompile Include="Simulation.cpp">
      <Filter>Simulation\Mechanics</Filter>
    </ClCompile>
    <ClCompile Include="Waldo.cpp">
      <Filter>Simulation\Mechanics</Filter>
    </ClCompile>
  </ItemGroup>
  <ItemGroup>
    <ClInclude Include="Sharing.h">
      <Filter>Sharing</Filter>
    </ClInclude>
    <ClInclude Include="Generation.h">
      <Filter>Generation</Filter>
    </ClInclude>
    <ClInclude Include="Definitions.h">
      <Filter>Common</Filter>
    </ClInclude>
    <ClInclude Include="Problem_Definiton.h">
      <Filter>Common</Filter>
    </ClInclude>
    <ClInclude Include="Simulation_Controller.h">
      <Filter>Simulation</Filter>
    </ClInclude>
    <ClInclude Include="Solution.h">
      <Filter>Common</Filter>
    </ClInclude>
    <ClInclude Include="Atom.h">
      <Filter>Common</Filter>
    </ClInclude>
    <ClInclude Include="Fitness_Calculator.h">
      <Filter>Generation</Filter>
    </ClInclude>
    <ClInclude Include="TODO.h" />
    <ClInclude Include="Utilities.h">
      <Filter>Source Files</Filter>
    </ClInclude>
    <ClInclude Include="Fitness_Data.h">
      <Filter>Generation</Filter>
    </ClInclude>
    <ClInclude Include="Embedded_Quality_Assurance.h">
      <Filter>Debugging\Embedded Quality Assurance</Filter>
    </ClInclude>
    <ClInclude Include="Sernimir_II_Testing.h">
      <Filter>Debugging\Embedded Quality Assurance\Validation_Tests</Filter>
    </ClInclude>
    <ClInclude Include="Simulation.h">
      <Filter>Simulation\Mechanics</Filter>
    </ClInclude>
    <ClInclude Include="Waldo.h">
      <Filter>Simulation\Mechanics</Filter>
    </ClInclude>
    <ClInclude Include="File_IO.h">
      <Filter>File I/O</Filter>
    </ClInclude>
    <ClInclude Include="Handle_Input.h">
      <Filter>Handle Input</Filter>
    </ClInclude>
  </ItemGroup>
  <ItemGroup>
    <Text Include="License.txt" />
  </ItemGroup>
</Project>